
Microsoft Visual Studio Solution File, Format Version 12.00
# Visual Studio Version 17
VisualStudioVersion = 17.12.35707.178 d17.12
MinimumVisualStudioVersion = 10.0.40219.1
Project("{FAE04EC0-301F-11D3-BF4B-00C04F79EFBC}") = "project11032025", "project11032025\project11032025.csproj", "{AF4C2714-1F22-4096-A144-51757630800A}"
EndProject
Global
	GlobalSection(SolutionConfigurationPlatforms) = preSolution
		Debug|Any CPU = Debug|Any CPU
		Release|Any CPU = Release|Any CPU
	EndGlobalSection
	GlobalSection(ProjectConfigurationPlatforms) = postSolution
		{AF4C2714-1F22-4096-A144-51757630800A}.Debug|Any CPU.ActiveCfg = Debug|Any CPU
		{AF4C2714-1F22-4096-A144-51757630800A}.Debug|Any CPU.Build.0 = Debug|Any CPU
		{AF4C2714-1F22-4096-A144-51757630800A}.Release|Any CPU.ActiveCfg = Release|Any CPU
		{AF4C2714-1F22-4096-A144-51757630800A}.Release|Any CPU.Build.0 = Release|Any CPU
	EndGlobalSection
	GlobalSection(SolutionProperties) = preSolution
		HideSolutionNode = FALSE
	EndGlobalSection
EndGlobal
